# This file is automatically @generated by Cargo.
# It is not intended for manual editing.
version = 3

[[package]]
name = "advent-of-code"
version = "0.1.0"
dependencies = [
 "easybench",
]

[[package]]
name = "easybench"
version = "1.1.0"
source = "registry+https://github.com/rust-lang/crates.io-index"
checksum = "355215cf95ddc4db0459d5313c9b146bedd43453305e3f0f1c4e8fde7f8d3884"
